
Microsoft Visual Studio Solution File, Format Version 12.00
# Visual Studio Version 17
VisualStudioVersion = 17.0.32112.339
MinimumVisualStudioVersion = 10.0.40219.1
Project("{FAE04EC0-301F-11D3-BF4B-00C04F79EFBC}") = "ReactASPNetCRUD", "ReactASPNetCRUD.csproj", "{91F56B7D-CCD8-4D5E-A3F5-257DE44A6530}"
EndProject
Global
	GlobalSection(SolutionConfigurationPlatforms) = preSolution
		Debug|Any CPU = Debug|Any CPU
		Release|Any CPU = Release|Any CPU
	EndGlobalSection
	GlobalSection(ProjectConfigurationPlatforms) = postSolution
		{91F56B7D-CCD8-4D5E-A3F5-257DE44A6530}.Debug|Any CPU.ActiveCfg = Debug|Any CPU
		{91F56B7D-CCD8-4D5E-A3F5-257DE44A6530}.Debug|Any CPU.Build.0 = Debug|Any CPU
		{91F56B7D-CCD8-4D5E-A3F5-257DE44A6530}.Release|Any CPU.ActiveCfg = Release|Any CPU
		{91F56B7D-CCD8-4D5E-A3F5-257DE44A6530}.Release|Any CPU.Build.0 = Release|Any CPU
	EndGlobalSection
	GlobalSection(SolutionProperties) = preSolution
		HideSolutionNode = FALSE
	EndGlobalSection
	GlobalSection(ExtensibilityGlobals) = postSolution
		SolutionGuid = {9EA8FF43-3AD7-464E-ADC4-83DE9A50EA4A}
	EndGlobalSection
EndGlobal
